
Microsoft Visual Studio Solution File, Format Version 12.00
# Visual Studio Version 16
VisualStudioVersion = 16.0.33328.57
MinimumVisualStudioVersion = 10.0.40219.1
Project("{159641D6-6404-4A2A-AE62-294DE0FE8301}") = "TescaStaging", "TescaStaging\TescaStaging.dtproj", "{53F30A25-99B3-4BB2-B609-55F3B145CB15}"
EndProject
Project("{159641D6-6404-4A2A-AE62-294DE0FE8301}") = "TescaWarehouse", "TescaWarehouse\TescaWarehouse.dtproj", "{E634FA42-B16D-4EB6-A748-D81654D07396}"
EndProject
Global
	GlobalSection(SolutionConfigurationPlatforms) = preSolution
		Development|Default = Development|Default
	EndGlobalSection
	GlobalSection(ProjectConfigurationPlatforms) = postSolution
		{53F30A25-99B3-4BB2-B609-55F3B145CB15}.Development|Default.ActiveCfg = Development
		{53F30A25-99B3-4BB2-B609-55F3B145CB15}.Development|Default.Build.0 = Development
		{E634FA42-B16D-4EB6-A748-D81654D07396}.Development|Default.ActiveCfg = Development
		{E634FA42-B16D-4EB6-A748-D81654D07396}.Development|Default.Build.0 = Development
	EndGlobalSection
	GlobalSection(SolutionProperties) = preSolution
		HideSolutionNode = FALSE
	EndGlobalSection
	GlobalSection(ExtensibilityGlobals) = postSolution
		SolutionGuid = {7813903B-9FD6-462F-B994-0538A01E115A}
	EndGlobalSection
EndGlobal
